
Microsoft Visual Studio Solution File, Format Version 12.00
# Visual Studio Version 17
VisualStudioVersion = 17.7.34202.233
MinimumVisualStudioVersion = 10.0.40219.1
Project("{9A19103F-16F7-4668-BE54-9A1E7A4F7556}") = "TaskManagerApi", "TaskManagerApi\TaskManagerApi.csproj", "{D2D88055-D1E0-45FA-B33B-F439643B7AFD}"
EndProject
Project("{9A19103F-16F7-4668-BE54-9A1E7A4F7556}") = "TaskManager.Common.Models", "TaskManager.Common.Models\TaskManager.Common.Models.csproj", "{A1B3A9E0-6F63-44A7-8446-99E1C65840B2}"
EndProject
Project("{FAE04EC0-301F-11D3-BF4B-00C04F79EFBC}") = "TaskManager.Client", "TaskManager.Client\TaskManager.Client.csproj", "{2402397F-E5BB-4188-8506-45DC0C3C0EAC}"
EndProject
Global
	GlobalSection(SolutionConfigurationPlatforms) = preSolution
		Debug|Any CPU = Debug|Any CPU
		Release|Any CPU = Release|Any CPU
	EndGlobalSection
	GlobalSection(ProjectConfigurationPlatforms) = postSolution
		{D2D88055-D1E0-45FA-B33B-F439643B7AFD}.Debug|Any CPU.ActiveCfg = Debug|Any CPU
		{D2D88055-D1E0-45FA-B33B-F439643B7AFD}.Debug|Any CPU.Build.0 = Debug|Any CPU
		{D2D88055-D1E0-45FA-B33B-F439643B7AFD}.Release|Any CPU.ActiveCfg = Release|Any CPU
		{D2D88055-D1E0-45FA-B33B-F439643B7AFD}.Release|Any CPU.Build.0 = Release|Any CPU
		{A1B3A9E0-6F63-44A7-8446-99E1C65840B2}.Debug|Any CPU.ActiveCfg = Debug|Any CPU
		{A1B3A9E0-6F63-44A7-8446-99E1C65840B2}.Debug|Any CPU.Build.0 = Debug|Any CPU
		{A1B3A9E0-6F63-44A7-8446-99E1C65840B2}.Release|Any CPU.ActiveCfg = Release|Any CPU
		{A1B3A9E0-6F63-44A7-8446-99E1C65840B2}.Release|Any CPU.Build.0 = Release|Any CPU
		{2402397F-E5BB-4188-8506-45DC0C3C0EAC}.Debug|Any CPU.ActiveCfg = Debug|Any CPU
		{2402397F-E5BB-4188-8506-45DC0C3C0EAC}.Debug|Any CPU.Build.0 = Debug|Any CPU
		{2402397F-E5BB-4188-8506-45DC0C3C0EAC}.Release|Any CPU.ActiveCfg = Release|Any CPU
		{2402397F-E5BB-4188-8506-45DC0C3C0EAC}.Release|Any CPU.Build.0 = Release|Any CPU
	EndGlobalSection
	GlobalSection(SolutionProperties) = preSolution
		HideSolutionNode = FALSE
	EndGlobalSection
	GlobalSection(ExtensibilityGlobals) = postSolution
		SolutionGuid = {2F13C702-EFB5-4E1A-A178-2EE1D02F0991}
	EndGlobalSection
EndGlobal
